
Microsoft Visual Studio Solution File, Format Version 12.00
# Visual Studio Version 17
VisualStudioVersion = 17.5.33402.96
MinimumVisualStudioVersion = 10.0.40219.1
Project("{FAE04EC0-301F-11D3-BF4B-00C04F79EFBC}") = "NotifyErrorInfoSample", "NotifyErrorInfoSample\NotifyErrorInfoSample.csproj", "{80A395F8-A2B2-43CE-BD52-5BC4C0660777}"
EndProject
Global
	GlobalSection(SolutionConfigurationPlatforms) = preSolution
		Debug|Any CPU = Debug|Any CPU
		Release|Any CPU = Release|Any CPU
	EndGlobalSection
	GlobalSection(ProjectConfigurationPlatforms) = postSolution
		{80A395F8-A2B2-43CE-BD52-5BC4C0660777}.Debug|Any CPU.ActiveCfg = Debug|Any CPU
		{80A395F8-A2B2-43CE-BD52-5BC4C0660777}.Debug|Any CPU.Build.0 = Debug|Any CPU
		{80A395F8-A2B2-43CE-BD52-5BC4C0660777}.Release|Any CPU.ActiveCfg = Release|Any CPU
		{80A395F8-A2B2-43CE-BD52-5BC4C0660777}.Release|Any CPU.Build.0 = Release|Any CPU
	EndGlobalSection
	GlobalSection(SolutionProperties) = preSolution
		HideSolutionNode = FALSE
	EndGlobalSection
	GlobalSection(ExtensibilityGlobals) = postSolution
		SolutionGuid = {A77C0BBF-E1E3-451D-917D-21DCCBAADB59}
	EndGlobalSection
EndGlobal
